
Microsoft Visual Studio Solution File, Format Version 12.00
Project("{FAE04EC0-301F-11D3-BF4B-00C04F79EFBC}") = "Configuration.Console", "Configuration.Console\Configuration.Console.csproj", "{AEF5E8F2-2027-47F8-9F93-BD8E4FFA7B19}"
EndProject
Project("{FAE04EC0-301F-11D3-BF4B-00C04F79EFBC}") = "EmptyAppBuilder.Console", "EmptyAppBuilder.Console\EmptyAppBuilder.Console.csproj", "{B16B0147-7384-4159-A17C-168FA80E16BC}"
EndProject
Project("{FAE04EC0-301F-11D3-BF4B-00C04F79EFBC}") = "Logging.Console", "Logging.Console\Logging.Console.csproj", "{6F54AF2C-F2E4-40AB-A4B6-5AB13EE7B887}"
EndProject
Project("{FAE04EC0-301F-11D3-BF4B-00C04F79EFBC}") = "ServiceLogger.Console", "ServiceLogger.Console\ServiceLogger.Console.csproj", "{A9E12459-9F47-4A26-8A5F-D1301DA15B6B}"
EndProject
Project("{FAE04EC0-301F-11D3-BF4B-00C04F79EFBC}") = "DefaultBuilder.Console", "DefaultBuilder.Console\DefaultBuilder.Console.csproj", "{FA78720F-6433-4512-BA3C-7ABC61F962C2}"
EndProject
Project("{2150E333-8FDC-42A3-9474-1A3956D46DE8}") = "DependencyInjection", "DependencyInjection", "{09E4042F-A81D-440B-8897-FCE5370008B0}"
EndProject
Project("{FAE04EC0-301F-11D3-BF4B-00C04F79EFBC}") = "OwnIocContainer.Console", "OwnIocContainer.Console\OwnIocContainer.Console.csproj", "{7D1BDADE-8E54-4D68-A47D-D930DDA63BA3}"
EndProject
Global
	GlobalSection(SolutionConfigurationPlatforms) = preSolution
		Debug|Any CPU = Debug|Any CPU
		Release|Any CPU = Release|Any CPU
	EndGlobalSection
	GlobalSection(ProjectConfigurationPlatforms) = postSolution
		{AEF5E8F2-2027-47F8-9F93-BD8E4FFA7B19}.Debug|Any CPU.ActiveCfg = Debug|Any CPU
		{AEF5E8F2-2027-47F8-9F93-BD8E4FFA7B19}.Debug|Any CPU.Build.0 = Debug|Any CPU
		{AEF5E8F2-2027-47F8-9F93-BD8E4FFA7B19}.Release|Any CPU.ActiveCfg = Release|Any CPU
		{AEF5E8F2-2027-47F8-9F93-BD8E4FFA7B19}.Release|Any CPU.Build.0 = Release|Any CPU
		{B16B0147-7384-4159-A17C-168FA80E16BC}.Debug|Any CPU.ActiveCfg = Debug|Any CPU
		{B16B0147-7384-4159-A17C-168FA80E16BC}.Debug|Any CPU.Build.0 = Debug|Any CPU
		{B16B0147-7384-4159-A17C-168FA80E16BC}.Release|Any CPU.ActiveCfg = Release|Any CPU
		{B16B0147-7384-4159-A17C-168FA80E16BC}.Release|Any CPU.Build.0 = Release|Any CPU
		{6F54AF2C-F2E4-40AB-A4B6-5AB13EE7B887}.Debug|Any CPU.ActiveCfg = Debug|Any CPU
		{6F54AF2C-F2E4-40AB-A4B6-5AB13EE7B887}.Debug|Any CPU.Build.0 = Debug|Any CPU
		{6F54AF2C-F2E4-40AB-A4B6-5AB13EE7B887}.Release|Any CPU.ActiveCfg = Release|Any CPU
		{6F54AF2C-F2E4-40AB-A4B6-5AB13EE7B887}.Release|Any CPU.Build.0 = Release|Any CPU
		{A9E12459-9F47-4A26-8A5F-D1301DA15B6B}.Debug|Any CPU.ActiveCfg = Debug|Any CPU
		{A9E12459-9F47-4A26-8A5F-D1301DA15B6B}.Debug|Any CPU.Build.0 = Debug|Any CPU
		{A9E12459-9F47-4A26-8A5F-D1301DA15B6B}.Release|Any CPU.ActiveCfg = Release|Any CPU
		{A9E12459-9F47-4A26-8A5F-D1301DA15B6B}.Release|Any CPU.Build.0 = Release|Any CPU
		{FA78720F-6433-4512-BA3C-7ABC61F962C2}.Debug|Any CPU.ActiveCfg = Debug|Any CPU
		{FA78720F-6433-4512-BA3C-7ABC61F962C2}.Debug|Any CPU.Build.0 = Debug|Any CPU
		{FA78720F-6433-4512-BA3C-7ABC61F962C2}.Release|Any CPU.ActiveCfg = Release|Any CPU
		{FA78720F-6433-4512-BA3C-7ABC61F962C2}.Release|Any CPU.Build.0 = Release|Any CPU
		{7D1BDADE-8E54-4D68-A47D-D930DDA63BA3}.Debug|Any CPU.ActiveCfg = Debug|Any CPU
		{7D1BDADE-8E54-4D68-A47D-D930DDA63BA3}.Debug|Any CPU.Build.0 = Debug|Any CPU
		{7D1BDADE-8E54-4D68-A47D-D930DDA63BA3}.Release|Any CPU.ActiveCfg = Release|Any CPU
		{7D1BDADE-8E54-4D68-A47D-D930DDA63BA3}.Release|Any CPU.Build.0 = Release|Any CPU
	EndGlobalSection
	GlobalSection(NestedProjects) = preSolution
		{7D1BDADE-8E54-4D68-A47D-D930DDA63BA3} = {09E4042F-A81D-440B-8897-FCE5370008B0}
	EndGlobalSection
EndGlobal
